
Microsoft Visual Studio Solution File, Format Version 12.00
# Visual Studio 2015
Project("{FAE04EC0-301F-11D3-BF4B-00C04F79EFBC}") = "John-Austin Game Jam 2017.Plugins", "John-Austin Game Jam 2017.Plugins.csproj", "{F446F118-B0C6-2F32-C40E-6EB2FEA45C18}"
EndProject
Project("{FAE04EC0-301F-11D3-BF4B-00C04F79EFBC}") = "John-Austin Game Jam 2017", "John-Austin Game Jam 2017.csproj", "{28505283-D52E-B979-3F62-684F3C2D002A}"
EndProject
Project("{FAE04EC0-301F-11D3-BF4B-00C04F79EFBC}") = "John-Austin Game Jam 2017.Editor.Plugins", "John-Austin Game Jam 2017.Editor.Plugins.csproj", "{350D19EA-48AB-EA99-323D-5969DEAE7510}"
EndProject
Global
	GlobalSection(SolutionConfigurationPlatforms) = preSolution
		Debug|Any CPU = Debug|Any CPU
		Release|Any CPU = Release|Any CPU
	EndGlobalSection
	GlobalSection(ProjectConfigurationPlatforms) = postSolution
		{F446F118-B0C6-2F32-C40E-6EB2FEA45C18}.Debug|Any CPU.ActiveCfg = Debug|Any CPU
		{F446F118-B0C6-2F32-C40E-6EB2FEA45C18}.Debug|Any CPU.Build.0 = Debug|Any CPU
		{F446F118-B0C6-2F32-C40E-6EB2FEA45C18}.Release|Any CPU.ActiveCfg = Release|Any CPU
		{F446F118-B0C6-2F32-C40E-6EB2FEA45C18}.Release|Any CPU.Build.0 = Release|Any CPU
		{28505283-D52E-B979-3F62-684F3C2D002A}.Debug|Any CPU.ActiveCfg = Debug|Any CPU
		{28505283-D52E-B979-3F62-684F3C2D002A}.Debug|Any CPU.Build.0 = Debug|Any CPU
		{28505283-D52E-B979-3F62-684F3C2D002A}.Release|Any CPU.ActiveCfg = Release|Any CPU
		{28505283-D52E-B979-3F62-684F3C2D002A}.Release|Any CPU.Build.0 = Release|Any CPU
		{350D19EA-48AB-EA99-323D-5969DEAE7510}.Debug|Any CPU.ActiveCfg = Debug|Any CPU
		{350D19EA-48AB-EA99-323D-5969DEAE7510}.Debug|Any CPU.Build.0 = Debug|Any CPU
		{350D19EA-48AB-EA99-323D-5969DEAE7510}.Release|Any CPU.ActiveCfg = Release|Any CPU
		{350D19EA-48AB-EA99-323D-5969DEAE7510}.Release|Any CPU.Build.0 = Release|Any CPU
	EndGlobalSection
	GlobalSection(SolutionProperties) = preSolution
		HideSolutionNode = FALSE
	EndGlobalSection
EndGlobal
